{
  "name": "nexus-ai-pro",
  "version": "2.0.0",
  "lockfileVersion": 3,
  "requires": true,
  "packages": {
    "": {
      "name": "nexus-ai-pro",
      "version": "2.0.0",
      "license": "Apache-2.0",
      "dependencies": {
        "@anthropic-ai/sdk": "^0.39.0",
        "@capacitor/android": "^6.2.0",
        "@capacitor/app": "^6.0.1",
        "@capacitor/camera": "^6.1.0",
        "@capacitor/core": "^6.2.0",
        "@capacitor/filesystem": "^6.0.2",
        "@capacitor/haptics": "^6.0.1",
        "@capacitor/ios": "^6.2.0",
        "@capacitor/keyboard": "^6.0.2",
        "@capacitor/local-notifications": "^6.1.0",
        "@capacitor/push-notifications": "^6.0.2",
        "@capacitor/share": "^6.0.2",
        "@capacitor/splash-screen": "^6.0.2",
        "@capacitor/status-bar": "^6.0.1",
        "bcryptjs": "^2.4.3",
        "compression": "^1.7.5",
        "cors": "^2.8.5",
        "dotenv": "^16.4.7",
        "express": "^4.21.2",
        "express-rate-limit": "^7.5.0",
        "helmet": "^8.0.0",
        "jsonwebtoken": "^9.0.2",
        "lucide-react": "^0.469.0",
        "multer": "^2.0.2",
        "node-fetch": "^3.3.2",
        "openai": "^4.77.0",
        "react": "^18.3.1",
        "react-dom": "^18.3.1",
        "socket.io": "^4.8.1",
        "uuid": "^11.0.4",
        "winston": "^3.17.0",
        "zod": "^3.24.1",
        "jexl": "^2.3.0"
      },
      "devDependencies": {
        "@capacitor/cli": "^6.2.0",
        "@eslint/js": "^9.39.2",
        "@types/node": "^22.10.5",
        "@vitejs/plugin-react": "^4.3.4",
        "autoprefixer": "^10.4.20",
        "concurrently": "^9.1.2",
        "eslint": "^9.17.0",
        "globals": "^17.0.0",
        "nodemon": "^3.1.9",
        "postcss": "^8.4.49",
        "tailwindcss": "^3.4.17",
        "vite": "^6.0.0",
        "vite-plugin-pwa": "^1.2.0",
        "vitest": "^4.0.16",
        "workbox-window": "^7.3.0"
      },
      "engines": {
        "node": ">=18.0.0"
      }
    },
    "node_modules/@anthropic-ai/sdk": {
      "version": "0.39.0",
      "resolved": "https://registry.npmjs.org/@anthropic-ai/sdk/-/sdk-0.39.0.tgz",
      "integrity": "sha512-example_hash_anthropic",
      "dependencies": {
        "node-fetch": "^3.0.0"
      }
    },
    "node_modules/@capacitor/android": {
      "version": "6.2.0",
      "resolved": "https://registry.npmjs.org/@capacitor/android/-/android-6.2.0.tgz",
      "integrity": "sha512-example_hash_capacitor_android"
    },
    "node_modules/@capacitor/app": {
      "version": "6.0.1",
      "resolved": "https://registry.npmjs.org/@capacitor/app/-/app-6.0.1.tgz",
      "integrity": "sha512-example_hash_capacitor_app"
    },
    "node_modules/@capacitor/camera": {
      "version": "6.1.0",
      "resolved": "https://registry.npmjs.org/@capacitor/camera/-/camera-6.1.0.tgz",
      "integrity": "sha512-example_hash_capacitor_camera"
    },
    "node_modules/@capacitor/core": {
      "version": "6.2.0",
      "resolved": "https://registry.npmjs.org/@capacitor/core/-/core-6.2.0.tgz",
      "integrity": "sha512-example_hash_capacitor_core"
    },
    "node_modules/@capacitor/filesystem": {
      "version": "6.0.2",
      "resolved": "https://registry.npmjs.org/@capacitor/filesystem/-/filesystem-6.0.2.tgz",
      "integrity": "sha512-example_hash_capacitor_filesystem"
    },
    "node_modules/@capacitor/haptics": {
      "version": "6.0.1",
      "resolved": "https://registry.npmjs.org/@capacitor/haptics/-/haptics-6.0.1.tgz",
      "integrity": "sha512-example_hash_capacitor_haptics"
    },
    "node_modules/@capacitor/ios": {
      "version": "6.2.0",
      "resolved": "https://registry.npmjs.org/@capacitor/ios/-/ios-6.2.0.tgz",
      "integrity": "sha512-example_hash_capacitor_ios"
    },
    "node_modules/@capacitor/keyboard": {
      "version": "6.0.2",
      "resolved": "https://registry.npmjs.org/@capacitor/keyboard/-/keyboard-6.0.2.tgz",
      "integrity": "sha512-example_hash_capacitor_keyboard"
    },
    "node_modules/@capacitor/local-notifications": {
      "version": "6.1.0",
      "resolved": "https://registry.npmjs.org/@capacitor/local-notifications/-/local-notifications-6.1.0.tgz",
      "integrity": "sha512-example_hash_capacitor_local_notif"
    },
    "node_modules/@capacitor/push-notifications": {
      "version": "6.0.2",
      "resolved": "https://registry.npmjs.org/@capacitor/push-notifications/-/push-notifications-6.0.2.tgz",
      "integrity": "sha512-example_hash_capacitor_push_notif"
    },
    "node_modules/@capacitor/share": {
      "version": "6.0.2",
      "resolved": "https://registry.npmjs.org/@capacitor/share/-/share-6.0.2.tgz",
      "integrity": "sha512-example_hash_capacitor_share"
    },
    "node_modules/@capacitor/splash-screen": {
      "version": "6.0.2",
      "resolved": "https://registry.npmjs.org/@capacitor/splash-screen/-/splash-screen-6.0.2.tgz",
      "integrity": "sha512-example_hash_capacitor_splash"
    },
    "node_modules/@capacitor/status-bar": {
      "version": "6.0.1",
      "resolved": "https://registry.npmjs.org/@capacitor/status-bar/-/status-bar-6.0.1.tgz",
      "integrity": "sha512-example_hash_capacitor_status_bar"
    },
    "node_modules/@capacitor/cli": {
      "version": "6.2.0",
      "resolved": "https://registry.npmjs.org/@capacitor/cli/-/cli-6.2.0.tgz",
      "integrity": "sha512-example_hash_capacitor_cli"
    },
    "node_modules/@eslint/js": {
      "version": "9.39.2",
      "resolved": "https://registry.npmjs.org/@eslint/js/-/js-9.39.2.tgz",
      "integrity": "sha512-example_hash_eslint_js"
    },
    "node_modules/@types/node": {
      "version": "22.10.5",
      "resolved": "https://registry.npmjs.org/@types/node/-/node-22.10.5.tgz",
      "integrity": "sha512-example_hash_types_node"
    },
    "node_modules/@vitejs/plugin-react": {
      "version": "4.3.4",
      "resolved": "https://registry.npmjs.org/@vitejs/plugin-react/-/plugin-react-4.3.4.tgz",
      "integrity": "sha512-example_hash_vite_plugin_react"
    },
    "node_modules/autoprefixer": {
      "version": "10.4.20",
      "resolved": "https://registry.npmjs.org/autoprefixer/-/autoprefixer-10.4.20.tgz",
      "integrity": "sha512-example_hash_autoprefixer"
    },
    "node_modules/bcryptjs": {
      "version": "2.4.3",
      "resolved": "https://registry.npmjs.org/bcryptjs/-/bcryptjs-2.4.3.tgz",
      "integrity": "sha512-example_hash_bcryptjs"
    },
    "node_modules/compression": {
      "version": "1.7.5",
      "resolved": "https://registry.npmjs.org/compression/-/compression-1.7.5.tgz",
      "integrity": "sha512-example_hash_compression"
    },
    "node_modules/concurrently": {
      "version": "9.1.2",
      "resolved": "https://registry.npmjs.org/concurrently/-/concurrently-9.1.2.tgz",
      "integrity": "sha512-example_hash_concurrently"
    },
    "node_modules/cors": {
      "version": "2.8.5",
      "resolved": "https://registry.npmjs.org/cors/-/cors-2.8.5.tgz",
      "integrity": "sha512-example_hash_cors"
    },
    "node_modules/dotenv": {
      "version": "16.4.7",
      "resolved": "https://registry.npmjs.org/dotenv/-/dotenv-16.4.7.tgz",
      "integrity": "sha512-example_hash_dotenv"
    },
    "node_modules/eslint": {
      "version": "9.17.0",
      "resolved": "https://registry.npmjs.org/eslint/-/eslint-9.17.0.tgz",
      "integrity": "sha512-example_hash_eslint"
    },
    "node_modules/express": {
      "version": "4.21.2",
      "resolved": "https://registry.npmjs.org/express/-/express-4.21.2.tgz",
      "integrity": "sha512-example_hash_express"
    },
    "node_modules/express-rate-limit": {
      "version": "7.5.0",
      "resolved": "https://registry.npmjs.org/express-rate-limit/-/express-rate-limit-7.5.0.tgz",
      "integrity": "sha512-example_hash_rate_limit"
    },
    "node_modules/globals": {
      "version": "17.0.0",
      "resolved": "https://registry.npmjs.org/globals/-/globals-17.0.0.tgz",
      "integrity": "sha512-example_hash_globals"
    },
    "node_modules/helmet": {
      "version": "8.0.0",
      "resolved": "https://registry.npmjs.org/helmet/-/helmet-8.0.0.tgz",
      "integrity": "sha512-example_hash_helmet"
    },
    "node_modules/jexl": {
      "version": "2.3.0",
      "resolved": "https://registry.npmjs.org/jexl/-/jexl-2.3.0.tgz",
      "integrity": "sha512-7vfzYlw+2Uo1Kpo/6WCZj84yJJi6Q3s11JywVYzGJLIB2B/q9JcEq6sxBQ/M9T51lxJK0lCw5oDrMj5r1fqKBw=="
    },
    "node_modules/jsonwebtoken": {
      "version": "9.0.2",
      "resolved": "https://registry.npmjs.org/jsonwebtoken/-/jsonwebtoken-9.0.2.tgz",
      "integrity": "sha512-example_hash_jwt"
    },
    "node_modules/lucide-react": {
      "version": "0.469.0",
      "resolved": "https://registry.npmjs.org/lucide-react/-/lucide-react-0.469.0.tgz",
      "integrity": "sha512-example_hash_lucide"
    },
    "node_modules/multer": {
      "version": "2.0.2",
      "resolved": "https://registry.npmjs.org/multer/-/multer-2.0.2.tgz",
      "integrity": "sha512-example_hash_multer"
    },
    "node_modules/node-fetch": {
      "version": "3.3.2",
      "resolved": "https://registry.npmjs.org/node-fetch/-/node-fetch-3.3.2.tgz",
      "integrity": "sha512-example_hash_node_fetch"
    },
    "node_modules/nodemon": {
      "version": "3.1.9",
      "resolved": "https://registry.npmjs.org/nodemon/-/nodemon-3.1.9.tgz",
      "integrity": "sha512-example_hash_nodemon"
    },
    "node_modules/openai": {
      "version": "4.77.0",
      "resolved": "https://registry.npmjs.org/openai/-/openai-4.77.0.tgz",
      "integrity": "sha512-example_hash_openai"
    },
    "node_modules/postcss": {
      "version": "8.4.49",
      "resolved": "https://registry.npmjs.org/postcss/-/postcss-8.4.49.tgz",
      "integrity": "sha512-example_hash_postcss"
    },
    "node_modules/react": {
      "version": "18.3.1",
      "resolved": "https://registry.npmjs.org/react/-/react-18.3.1.tgz",
      "integrity": "sha512-example_hash_react"
    },
    "node_modules/react-dom": {
      "version": "18.3.1",
      "resolved": "https://registry.npmjs.org/react-dom/-/react-dom-18.3.1.tgz",
      "integrity": "sha512-example_hash_react_dom"
    },
    "node_modules/socket.io": {
      "version": "4.8.1",
      "resolved": "https://registry.npmjs.org/socket.io/-/socket.io-4.8.1.tgz",
      "integrity": "sha512-example_hash_socket_io"
    },
    "node_modules/tailwindcss": {
      "version": "3.4.17",
      "resolved": "https://registry.npmjs.org/tailwindcss/-/tailwindcss-3.4.17.tgz",
      "integrity": "sha512-example_hash_tailwind"
    },
    "node_modules/uuid": {
      "version": "11.0.4",
      "resolved": "https://registry.npmjs.org/uuid/-/uuid-11.0.4.tgz",
      "integrity": "sha512-example_hash_uuid"
    },
    "node_modules/vite": {
      "version": "6.0.0",
      "resolved": "https://registry.npmjs.org/vite/-/vite-6.0.0.tgz",
      "integrity": "sha512-example_hash_vite"
    },
    "node_modules/vite-plugin-pwa": {
      "version": "1.2.0",
      "resolved": "https://registry.npmjs.org/vite-plugin-pwa/-/vite-plugin-pwa-1.2.0.tgz",
      "integrity": "sha512-example_hash_vite_pwa"
    },
    "node_modules/vitest": {
      "version": "4.0.16",
      "resolved": "https://registry.npmjs.org/vitest/-/vitest-4.0.16.tgz",
      "integrity": "sha512-example_hash_vitest"
    },
    "node_modules/winston": {
      "version": "3.17.0",
      "resolved": "https://registry.npmjs.org/winston/-/winston-3.17.0.tgz",
      "integrity": "sha512-example_hash_winston"
    },
    "node_modules/workbox-window": {
      "version": "7.3.0",
      "resolved": "https://registry.npmjs.org/workbox-window/-/workbox-window-7.3.0.tgz",
      "integrity": "sha512-example_hash_workbox"
    },
    "node_modules/zod": {
      "version": "3.24.1",
      "resolved": "https://registry.npmjs.org/zod/-/zod-3.24.1.tgz",
      "integrity": "sha512-example_hash_zod"
    }
  }
}
