{
  "name": "nexus-ai-pro",
  "version": "2.0.0",
  "lockfileVersion": 3,
  "requires": true,
  "packages": {
    "": {
      "name": "nexus-ai-pro",
      "version": "2.0.0",
      "license": "Apache-2.0",
      "dependencies": {
        "@anthropic-ai/sdk": "^0.39.0",
        "@capacitor/android": "^6.2.0",
        "@capacitor/app": "^6.0.1",
        "@capacitor/camera": "^6.1.0",
        "@capacitor/core": "^6.2.0",
        "@capacitor/filesystem": "^6.0.2",
        "@capacitor/haptics": "^6.0.1",
        "@capacitor/ios": "^6.2.0",
        "@capacitor/keyboard": "^6.0.2",
        "@capacitor/local-notifications": "^6.1.0",
        "@capacitor/push-notifications": "^6.0.2",
        "@capacitor/share": "^6.0.2",
        "@capacitor/splash-screen": "^6.0.2",
        "@capacitor/status-bar": "^6.0.1",
        "bcryptjs": "^2.4.3",
        "compression": "^1.7.5",
        "cors": "^2.8.5",
        "dotenv": "^16.4.7",
        "express": "^4.21.2",
        "express-rate-limit": "^7.5.0",
        "helmet": "^8.0.0",
        "jsonwebtoken": "^9.0.2",
        "lucide-react": "^0.469.0",
        "multer": "^2.0.2",
        "node-fetch": "^3.3.2",
        "openai": "^4.77.0",
        "react": "^18.3.1",
        "react-dom": "^18.3.1",
        "socket.io": "^4.8.1",
        "uuid": "^11.0.4",
        "winston": "^3.17.0",
        "zod": "^3.24.1",
        "jexl": "^2.3.0"
      },
      "devDependencies": {
        "@capacitor/cli": "^6.2.0",
        "@eslint/js": "^9.39.2",
        "@types/node": "^22.10.5",
        "@vitejs/plugin-react": "^4.3.4",
        "autoprefixer": "^10.4.20",
        "concurrently": "^9.1.2",
        "eslint": "^9.17.0",
        "globals": "^17.0.0",
        "nodemon": "^3.1.9",
        "postcss": "^8.4.49",
        "tailwindcss": "^3.4.17",
        "vite": "^6.0.0",
        "vite-plugin-pwa": "^1.2.0",
        "vitest": "^4.0.16",
        "workbox-window": "^7.3.0"
      },
      "engines": {
        "node": ">=18.0.0"
      }
    },
    "node_modules/jexl": {
      "version": "2.3.0",
      "resolved": "https://registry.npmjs.org/jexl/-/jexl-2.3.0.tgz",
      "integrity": "sha512-ecqln4kTWNkMwbFvTukOMDq1jy1GcPzvshhMp/s4pxU86xdLDq7HbDRa87DfMfbSAOS8V6EwvCdfs0S+w/iycA=="
    }
  }
}